
Microsoft Visual Studio Solution File, Format Version 12.00
# Visual Studio Version 17
VisualStudioVersion = 17.4.33122.133
MinimumVisualStudioVersion = 10.0.40219.1
Project("{9A19103F-16F7-4668-BE54-9A1E7A4F7556}") = "WinAuth", "src\WinAuth\WinAuth.csproj", "{AC76E0B8-28E7-4138-BAF3-BC1E18C89C82}"
EndProject
Project("{2150E333-8FDC-42A3-9474-1A3956D46DE8}") = "Root", "Root", "{FD79FB1B-D7CB-4557-8876-768F0D008495}"
	ProjectSection(SolutionItems) = preProject
		src\.editorconfig = src\.editorconfig
		.github\workflows\CI.yml = .github\workflows\CI.yml
		src\Directory.Build.props = src\Directory.Build.props
		ref\DirectoryPackages\Directory.Packages.props = ref\DirectoryPackages\Directory.Packages.props
		src\GeneratePackage.props = src\GeneratePackage.props
		README.md = README.md
		src\TFM_NET7.props = src\TFM_NET7.props
	EndProjectSection
EndProject
Project("{2150E333-8FDC-42A3-9474-1A3956D46DE8}") = "Code", "Code", "{4E45DBB6-8E34-49A1-932A-1B1F2A403FBD}"
	ProjectSection(SolutionItems) = preProject
		src\ImplicitUsings.BCL.cs = src\ImplicitUsings.BCL.cs
		src\ImplicitUsings.Common.cs = src\ImplicitUsings.Common.cs
		src\ImplicitUsings.MessagePack.cs = src\ImplicitUsings.MessagePack.cs
	EndProjectSection
EndProject
Project("{FAE04EC0-301F-11D3-BF4B-00C04F79EFBC}") = "WinAuth.UnitTest", "src\WinAuth.UnitTest\WinAuth.UnitTest.csproj", "{9F582D52-6468-4675-8338-0229EBCAA26F}"
EndProject
Global
	GlobalSection(SolutionConfigurationPlatforms) = preSolution
		Debug|Any CPU = Debug|Any CPU
		Release|Any CPU = Release|Any CPU
	EndGlobalSection
	GlobalSection(ProjectConfigurationPlatforms) = postSolution
		{AC76E0B8-28E7-4138-BAF3-BC1E18C89C82}.Debug|Any CPU.ActiveCfg = Debug|Any CPU
		{AC76E0B8-28E7-4138-BAF3-BC1E18C89C82}.Debug|Any CPU.Build.0 = Debug|Any CPU
		{AC76E0B8-28E7-4138-BAF3-BC1E18C89C82}.Release|Any CPU.ActiveCfg = Release|Any CPU
		{AC76E0B8-28E7-4138-BAF3-BC1E18C89C82}.Release|Any CPU.Build.0 = Release|Any CPU
		{9F582D52-6468-4675-8338-0229EBCAA26F}.Debug|Any CPU.ActiveCfg = Debug|Any CPU
		{9F582D52-6468-4675-8338-0229EBCAA26F}.Debug|Any CPU.Build.0 = Debug|Any CPU
		{9F582D52-6468-4675-8338-0229EBCAA26F}.Release|Any CPU.ActiveCfg = Release|Any CPU
		{9F582D52-6468-4675-8338-0229EBCAA26F}.Release|Any CPU.Build.0 = Release|Any CPU
	EndGlobalSection
	GlobalSection(SolutionProperties) = preSolution
		HideSolutionNode = FALSE
	EndGlobalSection
	GlobalSection(NestedProjects) = preSolution
		{4E45DBB6-8E34-49A1-932A-1B1F2A403FBD} = {FD79FB1B-D7CB-4557-8876-768F0D008495}
	EndGlobalSection
	GlobalSection(ExtensibilityGlobals) = postSolution
		SolutionGuid = {6B642048-5921-466F-967B-8764F732E85C}
	EndGlobalSection
EndGlobal
